
Microsoft Visual Studio Solution File, Format Version 12.00
# Visual Studio 15
VisualStudioVersion = 15.0.27130.2027
MinimumVisualStudioVersion = 10.0.40219.1
Project("{FAE04EC0-301F-11D3-BF4B-00C04F79EFBC}") = "DbManager", "DbManager\DbManager.csproj", "{DD4BFF19-F62C-48AB-B261-0D4B57E1F7AF}"
EndProject
Global
	GlobalSection(SolutionConfigurationPlatforms) = preSolution
		Debug|Any CPU = Debug|Any CPU
		Release|Any CPU = Release|Any CPU
	EndGlobalSection
	GlobalSection(ProjectConfigurationPlatforms) = postSolution
		{DD4BFF19-F62C-48AB-B261-0D4B57E1F7AF}.Debug|Any CPU.ActiveCfg = Debug|Any CPU
		{DD4BFF19-F62C-48AB-B261-0D4B57E1F7AF}.Debug|Any CPU.Build.0 = Debug|Any CPU
		{DD4BFF19-F62C-48AB-B261-0D4B57E1F7AF}.Release|Any CPU.ActiveCfg = Release|Any CPU
		{DD4BFF19-F62C-48AB-B261-0D4B57E1F7AF}.Release|Any CPU.Build.0 = Release|Any CPU
	EndGlobalSection
	GlobalSection(SolutionProperties) = preSolution
		HideSolutionNode = FALSE
	EndGlobalSection
	GlobalSection(ExtensibilityGlobals) = postSolution
		SolutionGuid = {7B516B1B-1D0D-4773-8A80-6507C8BB28D3}
	EndGlobalSection
EndGlobal
